
Microsoft Visual Studio Solution File, Format Version 12.00
# Visual Studio Version 17
VisualStudioVersion = 17.1.32421.90
MinimumVisualStudioVersion = 10.0.40219.1
Project("{2150E333-8FDC-42A3-9474-1A3956D46DE8}") = "Core", "Core", "{2D1C2404-0719-423E-8250-B29BCFD8FC1D}"
EndProject
Project("{2150E333-8FDC-42A3-9474-1A3956D46DE8}") = "Module", "Module", "{BD192DFB-7685-4527-8AC2-EA7BD6C593D0}"
EndProject
Project("{9A19103F-16F7-4668-BE54-9A1E7A4F7556}") = "FSI.Common", "Base\Core\FSI.Common\FSI.Common.csproj", "{B4CF4BF6-CF98-4CB7-B28C-2976EF04A689}"
EndProject
Project("{9A19103F-16F7-4668-BE54-9A1E7A4F7556}") = "FSI.Lib", "Base\Core\FSI.Lib\FSI.Lib.csproj", "{BF9EC9F0-16F1-40B8-89FF-835ACD84E94A}"
EndProject
Project("{9A19103F-16F7-4668-BE54-9A1E7A4F7556}") = "FSI.Application", "Base\Module\FSI.Application\FSI.Application.csproj", "{3E20DD88-E32D-47FE-B1FB-6103A23B8B7C}"
EndProject
Project("{9A19103F-16F7-4668-BE54-9A1E7A4F7556}") = "FSI.Application.Contracts", "Base\Module\FSI.Application.Contracts\FSI.Application.Contracts.csproj", "{02297AE3-E259-484A-BCA8-13491EE1EC4D}"
EndProject
Project("{9A19103F-16F7-4668-BE54-9A1E7A4F7556}") = "FSI.Domain", "Base\Module\FSI.Domain\FSI.Domain.csproj", "{053C9FAB-FF9D-408A-B156-0EDD38E67195}"
EndProject
Project("{9A19103F-16F7-4668-BE54-9A1E7A4F7556}") = "FSI.Domain.Shared", "Base\Module\FSI.Domain.Shared\FSI.Domain.Shared.csproj", "{90FE57EC-2299-4DA3-A390-3484E65ED752}"
EndProject
Project("{9A19103F-16F7-4668-BE54-9A1E7A4F7556}") = "FSI.EFCore", "Base\Module\FSI.EFCore\FSI.EFCore.csproj", "{49FB901C-77D5-494E-A4B8-517EF2AE489C}"
EndProject
Project("{9A19103F-16F7-4668-BE54-9A1E7A4F7556}") = "FSI.HttpApi", "Base\Module\FSI.HttpApi\FSI.HttpApi.csproj", "{F0341BB8-22F1-4499-93BE-E6518A2E36AE}"
EndProject
Project("{9A19103F-16F7-4668-BE54-9A1E7A4F7556}") = "FSI.HttpApi.Client", "Base\Module\FSI.HttpApi.Client\FSI.HttpApi.Client.csproj", "{BB4A6FDE-4C2E-4363-98DA-F191A05DCAF9}"
EndProject
Project("{9A19103F-16F7-4668-BE54-9A1E7A4F7556}") = "FSI.WebAPI", "Base\Module\FSI.WebAPI\FSI.WebAPI.csproj", "{9E39CD9A-956E-4795-9454-62618306FA92}"
EndProject
Global
	GlobalSection(SolutionConfigurationPlatforms) = preSolution
		Debug|Any CPU = Debug|Any CPU
		Release|Any CPU = Release|Any CPU
	EndGlobalSection
	GlobalSection(ProjectConfigurationPlatforms) = postSolution
		{B4CF4BF6-CF98-4CB7-B28C-2976EF04A689}.Debug|Any CPU.ActiveCfg = Debug|Any CPU
		{B4CF4BF6-CF98-4CB7-B28C-2976EF04A689}.Debug|Any CPU.Build.0 = Debug|Any CPU
		{B4CF4BF6-CF98-4CB7-B28C-2976EF04A689}.Release|Any CPU.ActiveCfg = Release|Any CPU
		{B4CF4BF6-CF98-4CB7-B28C-2976EF04A689}.Release|Any CPU.Build.0 = Release|Any CPU
		{BF9EC9F0-16F1-40B8-89FF-835ACD84E94A}.Debug|Any CPU.ActiveCfg = Debug|Any CPU
		{BF9EC9F0-16F1-40B8-89FF-835ACD84E94A}.Debug|Any CPU.Build.0 = Debug|Any CPU
		{BF9EC9F0-16F1-40B8-89FF-835ACD84E94A}.Release|Any CPU.ActiveCfg = Release|Any CPU
		{BF9EC9F0-16F1-40B8-89FF-835ACD84E94A}.Release|Any CPU.Build.0 = Release|Any CPU
		{3E20DD88-E32D-47FE-B1FB-6103A23B8B7C}.Debug|Any CPU.ActiveCfg = Debug|Any CPU
		{3E20DD88-E32D-47FE-B1FB-6103A23B8B7C}.Debug|Any CPU.Build.0 = Debug|Any CPU
		{3E20DD88-E32D-47FE-B1FB-6103A23B8B7C}.Release|Any CPU.ActiveCfg = Release|Any CPU
		{3E20DD88-E32D-47FE-B1FB-6103A23B8B7C}.Release|Any CPU.Build.0 = Release|Any CPU
		{02297AE3-E259-484A-BCA8-13491EE1EC4D}.Debug|Any CPU.ActiveCfg = Debug|Any CPU
		{02297AE3-E259-484A-BCA8-13491EE1EC4D}.Debug|Any CPU.Build.0 = Debug|Any CPU
		{02297AE3-E259-484A-BCA8-13491EE1EC4D}.Release|Any CPU.ActiveCfg = Release|Any CPU
		{02297AE3-E259-484A-BCA8-13491EE1EC4D}.Release|Any CPU.Build.0 = Release|Any CPU
		{053C9FAB-FF9D-408A-B156-0EDD38E67195}.Debug|Any CPU.ActiveCfg = Debug|Any CPU
		{053C9FAB-FF9D-408A-B156-0EDD38E67195}.Debug|Any CPU.Build.0 = Debug|Any CPU
		{053C9FAB-FF9D-408A-B156-0EDD38E67195}.Release|Any CPU.ActiveCfg = Release|Any CPU
		{053C9FAB-FF9D-408A-B156-0EDD38E67195}.Release|Any CPU.Build.0 = Release|Any CPU
		{90FE57EC-2299-4DA3-A390-3484E65ED752}.Debug|Any CPU.ActiveCfg = Debug|Any CPU
		{90FE57EC-2299-4DA3-A390-3484E65ED752}.Debug|Any CPU.Build.0 = Debug|Any CPU
		{90FE57EC-2299-4DA3-A390-3484E65ED752}.Release|Any CPU.ActiveCfg = Release|Any CPU
		{90FE57EC-2299-4DA3-A390-3484E65ED752}.Release|Any CPU.Build.0 = Release|Any CPU
		{49FB901C-77D5-494E-A4B8-517EF2AE489C}.Debug|Any CPU.ActiveCfg = Debug|Any CPU
		{49FB901C-77D5-494E-A4B8-517EF2AE489C}.Debug|Any CPU.Build.0 = Debug|Any CPU
		{49FB901C-77D5-494E-A4B8-517EF2AE489C}.Release|Any CPU.ActiveCfg = Release|Any CPU
		{49FB901C-77D5-494E-A4B8-517EF2AE489C}.Release|Any CPU.Build.0 = Release|Any CPU
		{F0341BB8-22F1-4499-93BE-E6518A2E36AE}.Debug|Any CPU.ActiveCfg = Debug|Any CPU
		{F0341BB8-22F1-4499-93BE-E6518A2E36AE}.Debug|Any CPU.Build.0 = Debug|Any CPU
		{F0341BB8-22F1-4499-93BE-E6518A2E36AE}.Release|Any CPU.ActiveCfg = Release|Any CPU
		{F0341BB8-22F1-4499-93BE-E6518A2E36AE}.Release|Any CPU.Build.0 = Release|Any CPU
		{BB4A6FDE-4C2E-4363-98DA-F191A05DCAF9}.Debug|Any CPU.ActiveCfg = Debug|Any CPU
		{BB4A6FDE-4C2E-4363-98DA-F191A05DCAF9}.Debug|Any CPU.Build.0 = Debug|Any CPU
		{BB4A6FDE-4C2E-4363-98DA-F191A05DCAF9}.Release|Any CPU.ActiveCfg = Release|Any CPU
		{BB4A6FDE-4C2E-4363-98DA-F191A05DCAF9}.Release|Any CPU.Build.0 = Release|Any CPU
		{9E39CD9A-956E-4795-9454-62618306FA92}.Debug|Any CPU.ActiveCfg = Debug|Any CPU
		{9E39CD9A-956E-4795-9454-62618306FA92}.Debug|Any CPU.Build.0 = Debug|Any CPU
		{9E39CD9A-956E-4795-9454-62618306FA92}.Release|Any CPU.ActiveCfg = Release|Any CPU
		{9E39CD9A-956E-4795-9454-62618306FA92}.Release|Any CPU.Build.0 = Release|Any CPU
	EndGlobalSection
	GlobalSection(SolutionProperties) = preSolution
		HideSolutionNode = FALSE
	EndGlobalSection
	GlobalSection(NestedProjects) = preSolution
		{B4CF4BF6-CF98-4CB7-B28C-2976EF04A689} = {2D1C2404-0719-423E-8250-B29BCFD8FC1D}
		{BF9EC9F0-16F1-40B8-89FF-835ACD84E94A} = {2D1C2404-0719-423E-8250-B29BCFD8FC1D}
		{3E20DD88-E32D-47FE-B1FB-6103A23B8B7C} = {BD192DFB-7685-4527-8AC2-EA7BD6C593D0}
		{02297AE3-E259-484A-BCA8-13491EE1EC4D} = {BD192DFB-7685-4527-8AC2-EA7BD6C593D0}
		{053C9FAB-FF9D-408A-B156-0EDD38E67195} = {BD192DFB-7685-4527-8AC2-EA7BD6C593D0}
		{90FE57EC-2299-4DA3-A390-3484E65ED752} = {BD192DFB-7685-4527-8AC2-EA7BD6C593D0}
		{49FB901C-77D5-494E-A4B8-517EF2AE489C} = {BD192DFB-7685-4527-8AC2-EA7BD6C593D0}
		{F0341BB8-22F1-4499-93BE-E6518A2E36AE} = {BD192DFB-7685-4527-8AC2-EA7BD6C593D0}
		{BB4A6FDE-4C2E-4363-98DA-F191A05DCAF9} = {BD192DFB-7685-4527-8AC2-EA7BD6C593D0}
		{9E39CD9A-956E-4795-9454-62618306FA92} = {BD192DFB-7685-4527-8AC2-EA7BD6C593D0}
	EndGlobalSection
	GlobalSection(ExtensibilityGlobals) = postSolution
		SolutionGuid = {BDD103B3-87AB-4340-8BFC-28477DB04B1A}
	EndGlobalSection
EndGlobal
