
Microsoft Visual Studio Solution File, Format Version 12.00
# Visual Studio Version 17
VisualStudioVersion = 17.1.32421.90
MinimumVisualStudioVersion = 10.0.40219.1
Project("{2150E333-8FDC-42A3-9474-1A3956D46DE8}") = "Core", "Core", "{2D1C2404-0719-423E-8250-B29BCFD8FC1D}"
EndProject
Project("{2150E333-8FDC-42A3-9474-1A3956D46DE8}") = "Module", "Module", "{BD192DFB-7685-4527-8AC2-EA7BD6C593D0}"
EndProject
Project("{9A19103F-16F7-4668-BE54-9A1E7A4F7556}") = "FSI.Common", "Base\Core\FSI.Common\FSI.Common.csproj", "{D2603EED-AC39-4758-85BE-36C4FCEC85B1}"
EndProject
Project("{9A19103F-16F7-4668-BE54-9A1E7A4F7556}") = "FSI.Lib", "Base\Core\FSI.Lib\FSI.Lib.csproj", "{EC6C6194-74DD-4C41-93AB-9D450BDE275D}"
EndProject
Project("{9A19103F-16F7-4668-BE54-9A1E7A4F7556}") = "FSI.Application", "Base\Module\FSI.Application\FSI.Application.csproj", "{BEDC815A-B1B4-4C35-A7F2-58FC1D47200A}"
EndProject
Project("{9A19103F-16F7-4668-BE54-9A1E7A4F7556}") = "FSI.Application.Contracts", "Base\Module\FSI.Application.Contracts\FSI.Application.Contracts.csproj", "{CB035DA7-567E-498D-8CC2-ABFE88288AB2}"
EndProject
Project("{9A19103F-16F7-4668-BE54-9A1E7A4F7556}") = "FSI.Domain", "Base\Module\FSI.Domain\FSI.Domain.csproj", "{E6EA380F-8A30-49EE-9B66-36D7D8C0E6AE}"
EndProject
Project("{9A19103F-16F7-4668-BE54-9A1E7A4F7556}") = "FSI.Domain.Shared", "Base\Module\FSI.Domain.Shared\FSI.Domain.Shared.csproj", "{A48357E8-53C6-42C7-806F-1A907FC6CB2E}"
EndProject
Project("{9A19103F-16F7-4668-BE54-9A1E7A4F7556}") = "FSI.EFCore", "Base\Module\FSI.EFCore\FSI.EFCore.csproj", "{85B8EEEC-9DD3-4078-A456-31C91BA2E9C8}"
EndProject
Project("{9A19103F-16F7-4668-BE54-9A1E7A4F7556}") = "FSI.HttpApi", "Base\Module\FSI.HttpApi\FSI.HttpApi.csproj", "{0A28086E-5BB4-46D1-9E0B-ADB08CBD32D0}"
EndProject
Project("{9A19103F-16F7-4668-BE54-9A1E7A4F7556}") = "FSI.HttpApi.Client", "Base\Module\FSI.HttpApi.Client\FSI.HttpApi.Client.csproj", "{DE842543-4D0D-463D-A6A6-6580EECE9973}"
EndProject
Project("{9A19103F-16F7-4668-BE54-9A1E7A4F7556}") = "FSI.WebAPI", "Base\Module\FSI.WebAPI\FSI.WebAPI.csproj", "{E9C1CD20-A54B-4A3D-9500-BBCD19D18130}"
EndProject
Project("{FAE04EC0-301F-11D3-BF4B-00C04F79EFBC}") = "FSI.GrpcClient", "Base\Module\FSI.GrpcClient\FSI.GrpcClient.csproj", "{CB3CF2E1-50E3-4874-9C83-F9A8F76340D3}"
EndProject
Global
	GlobalSection(SolutionConfigurationPlatforms) = preSolution
		Debug|Any CPU = Debug|Any CPU
		Release|Any CPU = Release|Any CPU
	EndGlobalSection
	GlobalSection(ProjectConfigurationPlatforms) = postSolution
		{D2603EED-AC39-4758-85BE-36C4FCEC85B1}.Debug|Any CPU.ActiveCfg = Debug|Any CPU
		{D2603EED-AC39-4758-85BE-36C4FCEC85B1}.Debug|Any CPU.Build.0 = Debug|Any CPU
		{D2603EED-AC39-4758-85BE-36C4FCEC85B1}.Release|Any CPU.ActiveCfg = Release|Any CPU
		{D2603EED-AC39-4758-85BE-36C4FCEC85B1}.Release|Any CPU.Build.0 = Release|Any CPU
		{EC6C6194-74DD-4C41-93AB-9D450BDE275D}.Debug|Any CPU.ActiveCfg = Debug|Any CPU
		{EC6C6194-74DD-4C41-93AB-9D450BDE275D}.Debug|Any CPU.Build.0 = Debug|Any CPU
		{EC6C6194-74DD-4C41-93AB-9D450BDE275D}.Release|Any CPU.ActiveCfg = Release|Any CPU
		{EC6C6194-74DD-4C41-93AB-9D450BDE275D}.Release|Any CPU.Build.0 = Release|Any CPU
		{BEDC815A-B1B4-4C35-A7F2-58FC1D47200A}.Debug|Any CPU.ActiveCfg = Debug|Any CPU
		{BEDC815A-B1B4-4C35-A7F2-58FC1D47200A}.Debug|Any CPU.Build.0 = Debug|Any CPU
		{BEDC815A-B1B4-4C35-A7F2-58FC1D47200A}.Release|Any CPU.ActiveCfg = Release|Any CPU
		{BEDC815A-B1B4-4C35-A7F2-58FC1D47200A}.Release|Any CPU.Build.0 = Release|Any CPU
		{CB035DA7-567E-498D-8CC2-ABFE88288AB2}.Debug|Any CPU.ActiveCfg = Debug|Any CPU
		{CB035DA7-567E-498D-8CC2-ABFE88288AB2}.Debug|Any CPU.Build.0 = Debug|Any CPU
		{CB035DA7-567E-498D-8CC2-ABFE88288AB2}.Release|Any CPU.ActiveCfg = Release|Any CPU
		{CB035DA7-567E-498D-8CC2-ABFE88288AB2}.Release|Any CPU.Build.0 = Release|Any CPU
		{E6EA380F-8A30-49EE-9B66-36D7D8C0E6AE}.Debug|Any CPU.ActiveCfg = Debug|Any CPU
		{E6EA380F-8A30-49EE-9B66-36D7D8C0E6AE}.Debug|Any CPU.Build.0 = Debug|Any CPU
		{E6EA380F-8A30-49EE-9B66-36D7D8C0E6AE}.Release|Any CPU.ActiveCfg = Release|Any CPU
		{E6EA380F-8A30-49EE-9B66-36D7D8C0E6AE}.Release|Any CPU.Build.0 = Release|Any CPU
		{A48357E8-53C6-42C7-806F-1A907FC6CB2E}.Debug|Any CPU.ActiveCfg = Debug|Any CPU
		{A48357E8-53C6-42C7-806F-1A907FC6CB2E}.Debug|Any CPU.Build.0 = Debug|Any CPU
		{A48357E8-53C6-42C7-806F-1A907FC6CB2E}.Release|Any CPU.ActiveCfg = Release|Any CPU
		{A48357E8-53C6-42C7-806F-1A907FC6CB2E}.Release|Any CPU.Build.0 = Release|Any CPU
		{85B8EEEC-9DD3-4078-A456-31C91BA2E9C8}.Debug|Any CPU.ActiveCfg = Debug|Any CPU
		{85B8EEEC-9DD3-4078-A456-31C91BA2E9C8}.Debug|Any CPU.Build.0 = Debug|Any CPU
		{85B8EEEC-9DD3-4078-A456-31C91BA2E9C8}.Release|Any CPU.ActiveCfg = Release|Any CPU
		{85B8EEEC-9DD3-4078-A456-31C91BA2E9C8}.Release|Any CPU.Build.0 = Release|Any CPU
		{0A28086E-5BB4-46D1-9E0B-ADB08CBD32D0}.Debug|Any CPU.ActiveCfg = Debug|Any CPU
		{0A28086E-5BB4-46D1-9E0B-ADB08CBD32D0}.Debug|Any CPU.Build.0 = Debug|Any CPU
		{0A28086E-5BB4-46D1-9E0B-ADB08CBD32D0}.Release|Any CPU.ActiveCfg = Release|Any CPU
		{0A28086E-5BB4-46D1-9E0B-ADB08CBD32D0}.Release|Any CPU.Build.0 = Release|Any CPU
		{DE842543-4D0D-463D-A6A6-6580EECE9973}.Debug|Any CPU.ActiveCfg = Debug|Any CPU
		{DE842543-4D0D-463D-A6A6-6580EECE9973}.Debug|Any CPU.Build.0 = Debug|Any CPU
		{DE842543-4D0D-463D-A6A6-6580EECE9973}.Release|Any CPU.ActiveCfg = Release|Any CPU
		{DE842543-4D0D-463D-A6A6-6580EECE9973}.Release|Any CPU.Build.0 = Release|Any CPU
		{E9C1CD20-A54B-4A3D-9500-BBCD19D18130}.Debug|Any CPU.ActiveCfg = Debug|Any CPU
		{E9C1CD20-A54B-4A3D-9500-BBCD19D18130}.Debug|Any CPU.Build.0 = Debug|Any CPU
		{E9C1CD20-A54B-4A3D-9500-BBCD19D18130}.Release|Any CPU.ActiveCfg = Release|Any CPU
		{E9C1CD20-A54B-4A3D-9500-BBCD19D18130}.Release|Any CPU.Build.0 = Release|Any CPU
		{CB3CF2E1-50E3-4874-9C83-F9A8F76340D3}.Debug|Any CPU.ActiveCfg = Debug|Any CPU
		{CB3CF2E1-50E3-4874-9C83-F9A8F76340D3}.Debug|Any CPU.Build.0 = Debug|Any CPU
		{CB3CF2E1-50E3-4874-9C83-F9A8F76340D3}.Release|Any CPU.ActiveCfg = Release|Any CPU
		{CB3CF2E1-50E3-4874-9C83-F9A8F76340D3}.Release|Any CPU.Build.0 = Release|Any CPU
	EndGlobalSection
	GlobalSection(SolutionProperties) = preSolution
		HideSolutionNode = FALSE
	EndGlobalSection
	GlobalSection(NestedProjects) = preSolution
		{D2603EED-AC39-4758-85BE-36C4FCEC85B1} = {2D1C2404-0719-423E-8250-B29BCFD8FC1D}
		{EC6C6194-74DD-4C41-93AB-9D450BDE275D} = {2D1C2404-0719-423E-8250-B29BCFD8FC1D}
		{BEDC815A-B1B4-4C35-A7F2-58FC1D47200A} = {BD192DFB-7685-4527-8AC2-EA7BD6C593D0}
		{CB035DA7-567E-498D-8CC2-ABFE88288AB2} = {BD192DFB-7685-4527-8AC2-EA7BD6C593D0}
		{E6EA380F-8A30-49EE-9B66-36D7D8C0E6AE} = {BD192DFB-7685-4527-8AC2-EA7BD6C593D0}
		{A48357E8-53C6-42C7-806F-1A907FC6CB2E} = {BD192DFB-7685-4527-8AC2-EA7BD6C593D0}
		{85B8EEEC-9DD3-4078-A456-31C91BA2E9C8} = {BD192DFB-7685-4527-8AC2-EA7BD6C593D0}
		{0A28086E-5BB4-46D1-9E0B-ADB08CBD32D0} = {BD192DFB-7685-4527-8AC2-EA7BD6C593D0}
		{DE842543-4D0D-463D-A6A6-6580EECE9973} = {BD192DFB-7685-4527-8AC2-EA7BD6C593D0}
		{E9C1CD20-A54B-4A3D-9500-BBCD19D18130} = {BD192DFB-7685-4527-8AC2-EA7BD6C593D0}
		{CB3CF2E1-50E3-4874-9C83-F9A8F76340D3} = {BD192DFB-7685-4527-8AC2-EA7BD6C593D0}
	EndGlobalSection
	GlobalSection(ExtensibilityGlobals) = postSolution
		SolutionGuid = {BDD103B3-87AB-4340-8BFC-28477DB04B1A}
	EndGlobalSection
EndGlobal
